
Microsoft Visual Studio Solution File, Format Version 12.00
# Visual Studio Version 16
VisualStudioVersion = 16.0.31702.278
MinimumVisualStudioVersion = 10.0.40219.1
Project("{FAE04EC0-301F-11D3-BF4B-00C04F79EFBC}") = "Employee", "Employee\Employee.csproj", "{C220EE40-3995-4836-8E0F-6ECA60ED253F}"
EndProject
Global
	GlobalSection(SolutionConfigurationPlatforms) = preSolution
		Debug|Any CPU = Debug|Any CPU
		Release|Any CPU = Release|Any CPU
	EndGlobalSection
	GlobalSection(ProjectConfigurationPlatforms) = postSolution
		{C220EE40-3995-4836-8E0F-6ECA60ED253F}.Debug|Any CPU.ActiveCfg = Debug|Any CPU
		{C220EE40-3995-4836-8E0F-6ECA60ED253F}.Debug|Any CPU.Build.0 = Debug|Any CPU
		{C220EE40-3995-4836-8E0F-6ECA60ED253F}.Release|Any CPU.ActiveCfg = Release|Any CPU
		{C220EE40-3995-4836-8E0F-6ECA60ED253F}.Release|Any CPU.Build.0 = Release|Any CPU
	EndGlobalSection
	GlobalSection(SolutionProperties) = preSolution
		HideSolutionNode = FALSE
	EndGlobalSection
	GlobalSection(ExtensibilityGlobals) = postSolution
		SolutionGuid = {BA71F04F-56BB-4E5C-81AA-F5F953444255}
	EndGlobalSection
EndGlobal
